// !$*UTF8*$!
{
	archiveVersion = 1;
	classes = {
	};
	objectVersion = 46;
	objects = {

/* Begin PBXBuildFile section */
		25A48BA71CC72F22002EDA80 /* main.m in Sources */ = {isa = PBXBuildFile; fileRef = 25A48BA61CC72F22002EDA80 /* main.m */; };
		25A48BAA1CC72F22002EDA80 /* AppDelegate.m in Sources */ = {isa = PBXBuildFile; fileRef = 25A48BA91CC72F22002EDA80 /* AppDelegate.m */; };
		25A48BAD1CC72F22002EDA80 /* ViewController.m in Sources */ = {isa = PBXBuildFile; fileRef = 25A48BAC1CC72F22002EDA80 /* ViewController.m */; };
		25A48BB01CC72F22002EDA80 /* Main.storyboard in Resources */ = {isa = PBXBuildFile; fileRef = 25A48BAE1CC72F22002EDA80 /* Main.storyboard */; };
		25A48BB21CC72F22002EDA80 /* Assets.xcassets in Resources */ = {isa = PBXBuildFile; fileRef = 25A48BB11CC72F22002EDA80 /* Assets.xcassets */; };
		25A48BB51CC72F22002EDA80 /* LaunchScreen.storyboard in Resources */ = {isa = PBXBuildFile; fileRef = 25A48BB31CC72F22002EDA80 /* LaunchScreen.storyboard */; };
		25A48BC01CC72F22002EDA80 /* ZDX_DemoTests.m in Sources */ = {isa = PBXBuildFile; fileRef = 25A48BBF1CC72F22002EDA80 /* ZDX_DemoTests.m */; };
		25A48BCB1CC72F22002EDA80 /* ZDX_DemoUITests.m in Sources */ = {isa = PBXBuildFile; fileRef = 25A48BCA1CC72F22002EDA80 /* ZDX_DemoUITests.m */; };
		25A48BDA1CC72F4F002EDA80 /* ZDXMoveView.m in Sources */ = {isa = PBXBuildFile; fileRef = 25A48BD91CC72F4F002EDA80 /* ZDXMoveView.m */; };
		25A48BDD1CC72F57002EDA80 /* ZDXMoveAndScrollView.m in Sources */ = {isa = PBXBuildFile; fileRef = 25A48BDC1CC72F57002EDA80 /* ZDXMoveAndScrollView.m */; };
		25A48BE01CC72F6C002EDA80 /* ZDXPopupView.m in Sources */ = {isa = PBXBuildFile; fileRef = 25A48BDF1CC72F6C002EDA80 /* ZDXPopupView.m */; };
		25A48BE31CC72F7E002EDA80 /* ZDXLoopScrollView.m in Sources */ = {isa = PBXBuildFile; fileRef = 25A48BE21CC72F7E002EDA80 /* ZDXLoopScrollView.m */; };
		25A48BE61CC732AD002EDA80 /* DemoViewController.m in Sources */ = {isa = PBXBuildFile; fileRef = 25A48BE51CC732AD002EDA80 /* DemoViewController.m */; };
		25A48BE91CC745FB002EDA80 /* ZDXPageControl.m in Sources */ = {isa = PBXBuildFile; fileRef = 25A48BE81CC745FB002EDA80 /* ZDXPageControl.m */; };
/* End PBXBuildFile section */

/* Begin PBXContainerItemProxy section */
		25A48BBC1CC72F22002EDA80 /* PBXContainerItemProxy */ = {
			isa = PBXContainerItemProxy;
			containerPortal = 25A48B9A1CC72F22002EDA80 /* Project object */;
			proxyType = 1;
			remoteGlobalIDString = 25A48BA11CC72F22002EDA80;
			remoteInfo = ZDX_Demo;
		};
		25A48BC71CC72F22002EDA80 /* PBXContainerItemProxy */ = {
			isa = PBXContainerItemProxy;
			containerPortal = 25A48B9A1CC72F22002EDA80 /* Project object */;
			proxyType = 1;
			remoteGlobalIDString = 25A48BA11CC72F22002EDA80;
			remoteInfo = ZDX_Demo;
		};
/* End PBXContainerItemProxy section */

/* Begin PBXFileReference section */
		25A48BA21CC72F22002EDA80 /* ZDX_Demo.app */ = {isa = PBXFileReference; explicitFileType = wrapper.application; includeInIndex = 0; path = ZDX_Demo.app; sourceTree = BUILT_PRODUCTS_DIR; };
		25A48BA61CC72F22002EDA80 /* main.m */ = {isa = PBXFileReference; lastKnownFileType = sourcecode.c.objc; path = main.m; sourceTree = "<group>"; };
		25A48BA81CC72F22002EDA80 /* AppDelegate.h */ = {isa = PBXFileReference; lastKnownFileType = sourcecode.c.h; path = AppDelegate.h; sourceTree = "<group>"; };
		25A48BA91CC72F22002EDA80 /* AppDelegate.m */ = {isa = PBXFileReference; lastKnownFileType = sourcecode.c.objc; path = AppDelegate.m; sourceTree = "<group>"; };
		25A48BAB1CC72F22002EDA80 /* ViewController.h */ = {isa = PBXFileReference; lastKnownFileType = sourcecode.c.h; path = ViewController.h; sourceTree = "<group>"; };
		25A48BAC1CC72F22002EDA80 /* ViewController.m */ = {isa = PBXFileReference; lastKnownFileType = sourcecode.c.objc; path = ViewController.m; sourceTree = "<group>"; };
		25A48BAF1CC72F22002EDA80 /* Base */ = {isa = PBXFileReference; lastKnownFileType = file.storyboard; name = Base; path = Base.lproj/Main.storyboard; sourceTree = "<group>"; };
		25A48BB11CC72F22002EDA80 /* Assets.xcassets */ = {isa = PBXFileReference; lastKnownFileType = folder.assetcatalog; path = Assets.xcassets; sourceTree = "<group>"; };
		25A48BB41CC72F22002EDA80 /* Base */ = {isa = PBXFileReference; lastKnownFileType = file.storyboard; name = Base; path = Base.lproj/LaunchScreen.storyboard; sourceTree = "<group>"; };
		25A48BB61CC72F22002EDA80 /* Info.plist */ = {isa = PBXFileReference; lastKnownFileType = text.plist.xml; path = Info.plist; sourceTree = "<group>"; };
		25A48BBB1CC72F22002EDA80 /* ZDX_DemoTests.xctest */ = {isa = PBXFileReference; explicitFileType = wrapper.cfbundle; includeInIndex = 0; path = ZDX_DemoTests.xctest; sourceTree = BUILT_PRODUCTS_DIR; };
		25A48BBF1CC72F22002EDA80 /* ZDX_DemoTests.m */ = {isa = PBXFileReference; lastKnownFileType = sourcecode.c.objc; path = ZDX_DemoTests.m; sourceTree = "<group>"; };
		25A48BC11CC72F22002EDA80 /* Info.plist */ = {isa = PBXFileReference; lastKnownFileType = text.plist.xml; path = Info.plist; sourceTree = "<group>"; };
		25A48BC61CC72F22002EDA80 /* ZDX_DemoUITests.xctest */ = {isa = PBXFileReference; explicitFileType = wrapper.cfbundle; includeInIndex = 0; path = ZDX_DemoUITests.xctest; sourceTree = BUILT_PRODUCTS_DIR; };
		25A48BCA1CC72F22002EDA80 /* ZDX_DemoUITests.m */ = {isa = PBXFileReference; lastKnownFileType = sourcecode.c.objc; path = ZDX_DemoUITests.m; sourceTree = "<group>"; };
		25A48BCC1CC72F22002EDA80 /* Info.plist */ = {isa = PBXFileReference; lastKnownFileType = text.plist.xml; path = Info.plist; sourceTree = "<group>"; };
		25A48BD81CC72F4F002EDA80 /* ZDXMoveView.h */ = {isa = PBXFileReference; fileEncoding = 4; lastKnownFileType = sourcecode.c.h; path = ZDXMoveView.h; sourceTree = "<group>"; };
		25A48BD91CC72F4F002EDA80 /* ZDXMoveView.m */ = {isa = PBXFileReference; fileEncoding = 4; lastKnownFileType = sourcecode.c.objc; path = ZDXMoveView.m; sourceTree = "<group>"; };
		25A48BDB1CC72F57002EDA80 /* ZDXMoveAndScrollView.h */ = {isa = PBXFileReference; fileEncoding = 4; lastKnownFileType = sourcecode.c.h; path = ZDXMoveAndScrollView.h; sourceTree = "<group>"; };
		25A48BDC1CC72F57002EDA80 /* ZDXMoveAndScrollView.m */ = {isa = PBXFileReference; fileEncoding = 4; lastKnownFileType = sourcecode.c.objc; path = ZDXMoveAndScrollView.m; sourceTree = "<group>"; };
		25A48BDE1CC72F6C002EDA80 /* ZDXPopupView.h */ = {isa = PBXFileReference; fileEncoding = 4; lastKnownFileType = sourcecode.c.h; path = ZDXPopupView.h; sourceTree = "<group>"; };
		25A48BDF1CC72F6C002EDA80 /* ZDXPopupView.m */ = {isa = PBXFileReference; fileEncoding = 4; lastKnownFileType = sourcecode.c.objc; path = ZDXPopupView.m; sourceTree = "<group>"; };
		25A48BE11CC72F7E002EDA80 /* ZDXLoopScrollView.h */ = {isa = PBXFileReference; fileEncoding = 4; lastKnownFileType = sourcecode.c.h; path = ZDXLoopScrollView.h; sourceTree = "<group>"; };
		25A48BE21CC72F7E002EDA80 /* ZDXLoopScrollView.m */ = {isa = PBXFileReference; fileEncoding = 4; lastKnownFileType = sourcecode.c.objc; path = ZDXLoopScrollView.m; sourceTree = "<group>"; };
		25A48BE41CC732AD002EDA80 /* DemoViewController.h */ = {isa = PBXFileReference; fileEncoding = 4; lastKnownFileType = sourcecode.c.h; path = DemoViewController.h; sourceTree = "<group>"; };
		25A48BE51CC732AD002EDA80 /* DemoViewController.m */ = {isa = PBXFileReference; fileEncoding = 4; lastKnownFileType = sourcecode.c.objc; path = DemoViewController.m; sourceTree = "<group>"; };
		25A48BE71CC745FB002EDA80 /* ZDXPageControl.h */ = {isa = PBXFileReference; fileEncoding = 4; lastKnownFileType = sourcecode.c.h; path = ZDXPageControl.h; sourceTree = "<group>"; };
		25A48BE81CC745FB002EDA80 /* ZDXPageControl.m */ = {isa = PBXFileReference; fileEncoding = 4; lastKnownFileType = sourcecode.c.objc; path = ZDXPageControl.m; sourceTree = "<group>"; };
/* End PBXFileReference section */

/* Begin PBXFrameworksBuildPhase section */
		25A48B9F1CC72F22002EDA80 /* Frameworks */ = {
			isa = PBXFrameworksBuildPhase;
			buildActionMask = 2147483647;
			files = (
			);
			runOnlyForDeploymentPostprocessing = 0;
		};
		25A48BB81CC72F22002EDA80 /* Frameworks */ = {
			isa = PBXFrameworksBuildPhase;
			buildActionMask = 2147483647;
			files = (
			);
			runOnlyForDeploymentPostprocessing = 0;
		};
		25A48BC31CC72F22002EDA80 /* Frameworks */ = {
			isa = PBXFrameworksBuildPhase;
			buildActionMask = 2147483647;
			files = (
			);
			runOnlyForDeploymentPostprocessing = 0;
		};
/* End PBXFrameworksBuildPhase section */

/* Begin PBXGroup section */
		25A48B991CC72F22002EDA80 = {
			isa = PBXGroup;
			children = (
				25A48BA41CC72F22002EDA80 /* ZDX_Demo */,
				25A48BBE1CC72F22002EDA80 /* ZDX_DemoTests */,
				25A48BC91CC72F22002EDA80 /* ZDX_DemoUITests */,
				25A48BA31CC72F22002EDA80 /* Products */,
			);
			sourceTree = "<group>";
		};
		25A48BA31CC72F22002EDA80 /* Products */ = {
			isa = PBXGroup;
			children = (
				25A48BA21CC72F22002EDA80 /* ZDX_Demo.app */,
				25A48BBB1CC72F22002EDA80 /* ZDX_DemoTests.xctest */,
				25A48BC61CC72F22002EDA80 /* ZDX_DemoUITests.xctest */,
			);
			name = Products;
			sourceTree = "<group>";
		};
		25A48BA41CC72F22002EDA80 /* ZDX_Demo */ = {
			isa = PBXGroup;
			children = (
				25A48BD81CC72F4F002EDA80 /* ZDXMoveView.h */,
				25A48BD91CC72F4F002EDA80 /* ZDXMoveView.m */,
				25A48BDB1CC72F57002EDA80 /* ZDXMoveAndScrollView.h */,
				25A48BDC1CC72F57002EDA80 /* ZDXMoveAndScrollView.m */,
				25A48BDE1CC72F6C002EDA80 /* ZDXPopupView.h */,
				25A48BDF1CC72F6C002EDA80 /* ZDXPopupView.m */,
				25A48BE11CC72F7E002EDA80 /* ZDXLoopScrollView.h */,
				25A48BE21CC72F7E002EDA80 /* ZDXLoopScrollView.m */,
				25A48BE71CC745FB002EDA80 /* ZDXPageControl.h */,
				25A48BE81CC745FB002EDA80 /* ZDXPageControl.m */,
				25A48BA81CC72F22002EDA80 /* AppDelegate.h */,
				25A48BA91CC72F22002EDA80 /* AppDelegate.m */,
				25A48BAB1CC72F22002EDA80 /* ViewController.h */,
				25A48BAC1CC72F22002EDA80 /* ViewController.m */,
				25A48BE41CC732AD002EDA80 /* DemoViewController.h */,
				25A48BE51CC732AD002EDA80 /* DemoViewController.m */,
				25A48BAE1CC72F22002EDA80 /* Main.storyboard */,
				25A48BB11CC72F22002EDA80 /* Assets.xcassets */,
				25A48BB31CC72F22002EDA80 /* LaunchScreen.storyboard */,
				25A48BB61CC72F22002EDA80 /* Info.plist */,
				25A48BA51CC72F22002EDA80 /* Supporting Files */,
			);
			path = ZDX_Demo;
			sourceTree = "<group>";
		};
		25A48BA51CC72F22002EDA80 /* Supporting Files */ = {
			isa = PBXGroup;
			children = (
				25A48BA61CC72F22002EDA80 /* main.m */,
			);
			name = "Supporting Files";
			sourceTree = "<group>";
		};
		25A48BBE1CC72F22002EDA80 /* ZDX_DemoTests */ = {
			isa = PBXGroup;
			children = (
				25A48BBF1CC72F22002EDA80 /* ZDX_DemoTests.m */,
				25A48BC11CC72F22002EDA80 /* Info.plist */,
			);
			path = ZDX_DemoTests;
			sourceTree = "<group>";
		};
		25A48BC91CC72F22002EDA80 /* ZDX_DemoUITests */ = {
			isa = PBXGroup;
			children = (
				25A48BCA1CC72F22002EDA80 /* ZDX_DemoUITests.m */,
				25A48BCC1CC72F22002EDA80 /* Info.plist */,
			);
			path = ZDX_DemoUITests;
			sourceTree = "<group>";
		};
/* End PBXGroup section */

/* Begin PBXNativeTarget section */
		25A48BA11CC72F22002EDA80 /* ZDX_Demo */ = {
			isa = PBXNativeTarget;
			buildConfigurationList = 25A48BCF1CC72F22002EDA80 /* Build configuration list for PBXNativeTarget "ZDX_Demo" */;
			buildPhases = (
				25A48B9E1CC72F22002EDA80 /* Sources */,
				25A48B9F1CC72F22002EDA80 /* Frameworks */,
				25A48BA01CC72F22002EDA80 /* Resources */,
			);
			buildRules = (
			);
			dependencies = (
			);
			name = ZDX_Demo;
			productName = ZDX_Demo;
			productReference = 25A48BA21CC72F22002EDA80 /* ZDX_Demo.app */;
			productType = "com.apple.product-type.application";
		};
		25A48BBA1CC72F22002EDA80 /* ZDX_DemoTests */ = {
			isa = PBXNativeTarget;
			buildConfigurationList = 25A48BD21CC72F22002EDA80 /* Build configuration list for PBXNativeTarget "ZDX_DemoTests" */;
			buildPhases = (
				25A48BB71CC72F22002EDA80 /* Sources */,
				25A48BB81CC72F22002EDA80 /* Frameworks */,
				25A48BB91CC72F22002EDA80 /* Resources */,
			);
			buildRules = (
			);
			dependencies = (
				25A48BBD1CC72F22002EDA80 /* PBXTargetDependency */,
			);
			name = ZDX_DemoTests;
			productName = ZDX_DemoTests;
			productReference = 25A48BBB1CC72F22002EDA80 /* ZDX_DemoTests.xctest */;
			productType = "com.apple.product-type.bundle.unit-test";
		};
		25A48BC51CC72F22002EDA80 /* ZDX_DemoUITests */ = {
			isa = PBXNativeTarget;
			buildConfigurationList = 25A48BD51CC72F22002EDA80 /* Build configuration list for PBXNativeTarget "ZDX_DemoUITests" */;
			buildPhases = (
				25A48BC21CC72F22002EDA80 /* Sources */,
				25A48BC31CC72F22002EDA80 /* Frameworks */,
				25A48BC41CC72F22002EDA80 /* Resources */,
			);
			buildRules = (
			);
			dependencies = (
				25A48BC81CC72F22002EDA80 /* PBXTargetDependency */,
			);
			name = ZDX_DemoUITests;
			productName = ZDX_DemoUITests;
			productReference = 25A48BC61CC72F22002EDA80 /* ZDX_DemoUITests.xctest */;
			productType = "com.apple.product-type.bundle.ui-testing";
		};
/* End PBXNativeTarget section */

/* Begin PBXProject section */
		25A48B9A1CC72F22002EDA80 /* Project object */ = {
			isa = PBXProject;
			attributes = {
				LastUpgradeCheck = 0730;
				ORGANIZATIONNAME = GroupFly;
				TargetAttributes = {
					25A48BA11CC72F22002EDA80 = {
						CreatedOnToolsVersion = 7.3;
						DevelopmentTeam = LKE449VVE5;
					};
					25A48BBA1CC72F22002EDA80 = {
						CreatedOnToolsVersion = 7.3;
						TestTargetID = 25A48BA11CC72F22002EDA80;
					};
					25A48BC51CC72F22002EDA80 = {
						CreatedOnToolsVersion = 7.3;
						TestTargetID = 25A48BA11CC72F22002EDA80;
					};
				};
			};
			buildConfigurationList = 25A48B9D1CC72F22002EDA80 /* Build configuration list for PBXProject "ZDX_Demo" */;
			compatibilityVersion = "Xcode 3.2";
			developmentRegion = English;
			hasScannedForEncodings = 0;
			knownRegions = (
				en,
				Base,
			);
			mainGroup = 25A48B991CC72F22002EDA80;
			productRefGroup = 25A48BA31CC72F22002EDA80 /* Products */;
			projectDirPath = "";
			projectRoot = "";
			targets = (
				25A48BA11CC72F22002EDA80 /* ZDX_Demo */,
				25A48BBA1CC72F22002EDA80 /* ZDX_DemoTests */,
				25A48BC51CC72F22002EDA80 /* ZDX_DemoUITests */,
			);
		};
/* End PBXProject section */

/* Begin PBXResourcesBuildPhase section */
		25A48BA01CC72F22002EDA80 /* Resources */ = {
			isa = PBXResourcesBuildPhase;
			buildActionMask = 2147483647;
			files = (
				25A48BB51CC72F22002EDA80 /* LaunchScreen.storyboard in Resources */,
				25A48BB21CC72F22002EDA80 /* Assets.xcassets in Resources */,
				25A48BB01CC72F22002EDA80 /* Main.storyboard in Resources */,
			);
			runOnlyForDeploymentPostprocessing = 0;
		};
		25A48BB91CC72F22002EDA80 /* Resources */ = {
			isa = PBXResourcesBuildPhase;
			buildActionMask = 2147483647;
			files = (
			);
			runOnlyForDeploymentPostprocessing = 0;
		};
		25A48BC41CC72F22002EDA80 /* Resources */ = {
			isa = PBXResourcesBuildPhase;
			buildActionMask = 2147483647;
			files = (
			);
			runOnlyForDeploymentPostprocessing = 0;
		};
/* End PBXResourcesBuildPhase section */

/* Begin PBXSourcesBuildPhase section */
		25A48B9E1CC72F22002EDA80 /* Sources */ = {
			isa = PBXSourcesBuildPhase;
			buildActionMask = 2147483647;
			files = (
				25A48BDA1CC72F4F002EDA80 /* ZDXMoveView.m in Sources */,
				25A48BAD1CC72F22002EDA80 /* ViewController.m in Sources */,
				25A48BE01CC72F6C002EDA80 /* ZDXPopupView.m in Sources */,
				25A48BE61CC732AD002EDA80 /* DemoViewController.m in Sources */,
				25A48BE31CC72F7E002EDA80 /* ZDXLoopScrollView.m in Sources */,
				25A48BDD1CC72F57002EDA80 /* ZDXMoveAndScrollView.m in Sources */,
				25A48BAA1CC72F22002EDA80 /* AppDelegate.m in Sources */,
				25A48BE91CC745FB002EDA80 /* ZDXPageControl.m in Sources */,
				25A48BA71CC72F22002EDA80 /* main.m in Sources */,
			);
			runOnlyForDeploymentPostprocessing = 0;
		};
		25A48BB71CC72F22002EDA80 /* Sources */ = {
			isa = PBXSourcesBuildPhase;
			buildActionMask = 2147483647;
			files = (
				25A48BC01CC72F22002EDA80 /* ZDX_DemoTests.m in Sources */,
			);
			runOnlyForDeploymentPostprocessing = 0;
		};
		25A48BC21CC72F22002EDA80 /* Sources */ = {
			isa = PBXSourcesBuildPhase;
			buildActionMask = 2147483647;
			files = (
				25A48BCB1CC72F22002EDA80 /* ZDX_DemoUITests.m in Sources */,
			);
			runOnlyForDeploymentPostprocessing = 0;
		};
/* End PBXSourcesBuildPhase section */

/* Begin PBXTargetDependency section */
		25A48BBD1CC72F22002EDA80 /* PBXTargetDependency */ = {
			isa = PBXTargetDependency;
			target = 25A48BA11CC72F22002EDA80 /* ZDX_Demo */;
			targetProxy = 25A48BBC1CC72F22002EDA80 /* PBXContainerItemProxy */;
		};
		25A48BC81CC72F22002EDA80 /* PBXTargetDependency */ = {
			isa = PBXTargetDependency;
			target = 25A48BA11CC72F22002EDA80 /* ZDX_Demo */;
			targetProxy = 25A48BC71CC72F22002EDA80 /* PBXContainerItemProxy */;
		};
/* End PBXTargetDependency section */

/* Begin PBXVariantGroup section */
		25A48BAE1CC72F22002EDA80 /* Main.storyboard */ = {
			isa = PBXVariantGroup;
			children = (
				25A48BAF1CC72F22002EDA80 /* Base */,
			);
			name = Main.storyboard;
			sourceTree = "<group>";
		};
		25A48BB31CC72F22002EDA80 /* LaunchScreen.storyboard */ = {
			isa = PBXVariantGroup;
			children = (
				25A48BB41CC72F22002EDA80 /* Base */,
			);
			name = LaunchScreen.storyboard;
			sourceTree = "<group>";
		};
/* End PBXVariantGroup section */

/* Begin XCBuildConfiguration section */
		25A48BCD1CC72F22002EDA80 /* Debug */ = {
			isa = XCBuildConfiguration;
			buildSettings = {
				ALWAYS_SEARCH_USER_PATHS = NO;
				CLANG_ANALYZER_NONNULL = YES;
				CLANG_CXX_LANGUAGE_STANDARD = "gnu++0x";
				CLANG_CXX_LIBRARY = "libc++";
				CLANG_ENABLE_MODULES = YES;
				CLANG_ENABLE_OBJC_ARC = YES;
				CLANG_WARN_BOOL_CONVERSION = YES;
				CLANG_WARN_CONSTANT_CONVERSION = YES;
				CLANG_WARN_DIRECT_OBJC_ISA_USAGE = YES_ERROR;
				CLANG_WARN_EMPTY_BODY = YES;
				CLANG_WARN_ENUM_CONVERSION = YES;
				CLANG_WARN_INT_CONVERSION = YES;
				CLANG_WARN_OBJC_ROOT_CLASS = YES_ERROR;
				CLANG_WARN_UNREACHABLE_CODE = YES;
				CLANG_WARN__DUPLICATE_METHOD_MATCH = YES;
				"CODE_SIGN_IDENTITY[sdk=iphoneos*]" = "iPhone Developer";
				COPY_PHASE_STRIP = NO;
				DEBUG_INFORMATION_FORMAT = dwarf;
				ENABLE_STRICT_OBJC_MSGSEND = YES;
				ENABLE_TESTABILITY = YES;
				GCC_C_LANGUAGE_STANDARD = gnu99;
				GCC_DYNAMIC_NO_PIC = NO;
				GCC_NO_COMMON_BLOCKS = YES;
				GCC_OPTIMIZATION_LEVEL = 0;
				GCC_PREPROCESSOR_DEFINITIONS = (
					"DEBUG=1",
					"$(inherited)",
				);
				GCC_WARN_64_TO_32_BIT_CONVERSION = YES;
				GCC_WARN_ABOUT_RETURN_TYPE = YES_ERROR;
				GCC_WARN_UNDECLARED_SELECTOR = YES;
				GCC_WARN_UNINITIALIZED_AUTOS = YES_AGGRESSIVE;
				GCC_WARN_UNUSED_FUNCTION = YES;
				GCC_WARN_UNUSED_VARIABLE = YES;
				IPHONEOS_DEPLOYMENT_TARGET = 9.3;
				MTL_ENABLE_DEBUG_INFO = YES;
				ONLY_ACTIVE_ARCH = YES;
				SDKROOT = iphoneos;
				TARGETED_DEVICE_FAMILY = "1,2";
			};
			name = Debug;
		};
		25A48BCE1CC72F22002EDA80 /* Release */ = {
			isa = XCBuildConfiguration;
			buildSettings = {
				ALWAYS_SEARCH_USER_PATHS = NO;
				CLANG_ANALYZER_NONNULL = YES;
				CLANG_CXX_LANGUAGE_STANDARD = "gnu++0x";
				CLANG_CXX_LIBRARY = "libc++";
				CLANG_ENABLE_MODULES = YES;
				CLANG_ENABLE_OBJC_ARC = YES;
				CLANG_WARN_BOOL_CONVERSION = YES;
				CLANG_WARN_CONSTANT_CONVERSION = YES;
				CLANG_WARN_DIRECT_OBJC_ISA_USAGE = YES_ERROR;
				CLANG_WARN_EMPTY_BODY = YES;
				CLANG_WARN_ENUM_CONVERSION = YES;
				CLANG_WARN_INT_CONVERSION = YES;
				CLANG_WARN_OBJC_ROOT_CLASS = YES_ERROR;
				CLANG_WARN_UNREACHABLE_CODE = YES;
				CLANG_WARN__DUPLICATE_METHOD_MATCH = YES;
				"CODE_SIGN_IDENTITY[sdk=iphoneos*]" = "iPhone Developer";
				COPY_PHASE_STRIP = NO;
				DEBUG_INFORMATION_FORMAT = "dwarf-with-dsym";
				ENABLE_NS_ASSERTIONS = NO;
				ENABLE_STRICT_OBJC_MSGSEND = YES;
				GCC_C_LANGUAGE_STANDARD = gnu99;
				GCC_NO_COMMON_BLOCKS = YES;
				GCC_WARN_64_TO_32_BIT_CONVERSION = YES;
				GCC_WARN_ABOUT_RETURN_TYPE = YES_ERROR;
				GCC_WARN_UNDECLARED_SELECTOR = YES;
				GCC_WARN_UNINITIALIZED_AUTOS = YES_AGGRESSIVE;
				GCC_WARN_UNUSED_FUNCTION = YES;
				GCC_WARN_UNUSED_VARIABLE = YES;
				IPHONEOS_DEPLOYMENT_TARGET = 9.3;
				MTL_ENABLE_DEBUG_INFO = NO;
				SDKROOT = iphoneos;
				TARGETED_DEVICE_FAMILY = "1,2";
				VALIDATE_PRODUCT = YES;
			};
			name = Release;
		};
		25A48BD01CC72F22002EDA80 /* Debug */ = {
			isa = XCBuildConfiguration;
			buildSettings = {
				ASSETCATALOG_COMPILER_APPICON_NAME = AppIcon;
				CODE_SIGN_IDENTITY = "iPhone Developer";
				"CODE_SIGN_IDENTITY[sdk=iphoneos*]" = "iPhone Developer";
				INFOPLIST_FILE = ZDX_Demo/Info.plist;
				LD_RUNPATH_SEARCH_PATHS = "$(inherited) @executable_path/Frameworks";
				PRODUCT_BUNDLE_IDENTIFIER = com.groupfly.demo.test;
				PRODUCT_NAME = "$(TARGET_NAME)";
				PROVISIONING_PROFILE = "";
			};
			name = Debug;
		};
		25A48BD11CC72F22002EDA80 /* Release */ = {
			isa = XCBuildConfiguration;
			buildSettings = {
				ASSETCATALOG_COMPILER_APPICON_NAME = AppIcon;
				CODE_SIGN_IDENTITY = "iPhone Developer";
				"CODE_SIGN_IDENTITY[sdk=iphoneos*]" = "iPhone Developer";
				INFOPLIST_FILE = ZDX_Demo/Info.plist;
				LD_RUNPATH_SEARCH_PATHS = "$(inherited) @executable_path/Frameworks";
				PRODUCT_BUNDLE_IDENTIFIER = com.groupfly.demo.test;
				PRODUCT_NAME = "$(TARGET_NAME)";
				PROVISIONING_PROFILE = "";
			};
			name = Release;
		};
		25A48BD31CC72F22002EDA80 /* Debug */ = {
			isa = XCBuildConfiguration;
			buildSettings = {
				BUNDLE_LOADER = "$(TEST_HOST)";
				INFOPLIST_FILE = ZDX_DemoTests/Info.plist;
				LD_RUNPATH_SEARCH_PATHS = "$(inherited) @executable_path/Frameworks @loader_path/Frameworks";
				PRODUCT_BUNDLE_IDENTIFIER = "GF.ZDX-DemoTests";
				PRODUCT_NAME = "$(TARGET_NAME)";
				TEST_HOST = "$(BUILT_PRODUCTS_DIR)/ZDX_Demo.app/ZDX_Demo";
			};
			name = Debug;
		};
		25A48BD41CC72F22002EDA80 /* Release */ = {
			isa = XCBuildConfiguration;
			buildSettings = {
				BUNDLE_LOADER = "$(TEST_HOST)";
				INFOPLIST_FILE = ZDX_DemoTests/Info.plist;
				LD_RUNPATH_SEARCH_PATHS = "$(inherited) @executable_path/Frameworks @loader_path/Frameworks";
				PRODUCT_BUNDLE_IDENTIFIER = "GF.ZDX-DemoTests";
				PRODUCT_NAME = "$(TARGET_NAME)";
				TEST_HOST = "$(BUILT_PRODUCTS_DIR)/ZDX_Demo.app/ZDX_Demo";
			};
			name = Release;
		};
		25A48BD61CC72F22002EDA80 /* Debug */ = {
			isa = XCBuildConfiguration;
			buildSettings = {
				INFOPLIST_FILE = ZDX_DemoUITests/Info.plist;
				LD_RUNPATH_SEARCH_PATHS = "$(inherited) @executable_path/Frameworks @loader_path/Frameworks";
				PRODUCT_BUNDLE_IDENTIFIER = "GF.ZDX-DemoUITests";
				PRODUCT_NAME = "$(TARGET_NAME)";
				TEST_TARGET_NAME = ZDX_Demo;
			};
			name = Debug;
		};
		25A48BD71CC72F22002EDA80 /* Release */ = {
			isa = XCBuildConfiguration;
			buildSettings = {
				INFOPLIST_FILE = ZDX_DemoUITests/Info.plist;
				LD_RUNPATH_SEARCH_PATHS = "$(inherited) @executable_path/Frameworks @loader_path/Frameworks";
				PRODUCT_BUNDLE_IDENTIFIER = "GF.ZDX-DemoUITests";
				PRODUCT_NAME = "$(TARGET_NAME)";
				TEST_TARGET_NAME = ZDX_Demo;
			};
			name = Release;
		};
/* End XCBuildConfiguration section */

/* Begin XCConfigurationList section */
		25A48B9D1CC72F22002EDA80 /* Build configuration list for PBXProject "ZDX_Demo" */ = {
			isa = XCConfigurationList;
			buildConfigurations = (
				25A48BCD1CC72F22002EDA80 /* Debug */,
				25A48BCE1CC72F22002EDA80 /* Release */,
			);
			defaultConfigurationIsVisible = 0;
			defaultConfigurationName = Release;
		};
		25A48BCF1CC72F22002EDA80 /* Build configuration list for PBXNativeTarget "ZDX_Demo" */ = {
			isa = XCConfigurationList;
			buildConfigurations = (
				25A48BD01CC72F22002EDA80 /* Debug */,
				25A48BD11CC72F22002EDA80 /* Release */,
			);
			defaultConfigurationIsVisible = 0;
		};
		25A48BD21CC72F22002EDA80 /* Build configuration list for PBXNativeTarget "ZDX_DemoTests" */ = {
			isa = XCConfigurationList;
			buildConfigurations = (
				25A48BD31CC72F22002EDA80 /* Debug */,
				25A48BD41CC72F22002EDA80 /* Release */,
			);
			defaultConfigurationIsVisible = 0;
		};
		25A48BD51CC72F22002EDA80 /* Build configuration list for PBXNativeTarget "ZDX_DemoUITests" */ = {
			isa = XCConfigurationList;
			buildConfigurations = (
				25A48BD61CC72F22002EDA80 /* Debug */,
				25A48BD71CC72F22002EDA80 /* Release */,
			);
			defaultConfigurationIsVisible = 0;
		};
/* End XCConfigurationList section */
	};
	rootObject = 25A48B9A1CC72F22002EDA80 /* Project object */;
}
